# This file is automatically @generated by Cargo.
# It is not intended for manual editing.
version = 4

[[package]]
name = "r9v"
version = "0.1.0"

[[package]]
name = "r9v-common"
version = "0.1.0"

[[package]]
name = "r9v-config"
version = "0.1.0"

[[package]]
name = "r9v-format"
version = "0.1.0"

[[package]]
name = "r9v-helper"
version = "0.1.0"

[[package]]
name = "r9v-hip"
version = "0.1.0"

[[package]]
name = "r9v-ir"
version = "0.1.0"

[[package]]
name = "r9v-kgen"
version = "0.1.0"

[[package]]
name = "r9v-loader"
version = "0.1.0"

[[package]]
name = "r9v-models"
version = "0.1.0"

[[package]]
name = "r9v-obs"
version = "0.1.0"

[[package]]
name = "r9v-part"
version = "0.1.0"

[[package]]
name = "r9v-registry"
version = "0.1.0"

[[package]]
name = "r9v-sched"
version = "0.1.0"

[[package]]
name = "r9v-serve"
version = "0.1.0"

[[package]]
name = "r9v-spec"
version = "0.1.0"

[[package]]
name = "r9v-state"
version = "0.1.0"

[[package]]
name = "r9v-t0"
version = "0.1.0"

[[package]]
name = "xtask"
version = "0.1.0"
